{
  "name": "brace_navlink",
  "version": "0.3.0",
  "lockfileVersion": 1,
  "requires": true,
  "dependencies": {
    "assertion-error": {
      "version": "1.1.0",
      "resolved": "https://registry.npmjs.org/assertion-error/-/assertion-error-1.1.0.tgz",
      "integrity": "sha512-jgsaNduz+ndvGyFt3uSuWqvy4lCnIJiovtouQN5JZHOKCS2QuhEdbcQHFhVksz2N2U9hXJo8odG7ETyWlEeuDw==",
      "dev": true
    },
    "brace_maybe": {
      "version": "0.0.3",
      "resolved": "https://registry.npmjs.org/brace_maybe/-/brace_maybe-0.0.3.tgz",
      "integrity": "sha512-ZKPVzke4Xu40jItJHPeXyaQY+xfz1F8+xuUdMaE9wHay4bjP3oFI04KmjWLYRfbiAw0RS7TVbrBVm35iPEoJng==",
      "dev": true,
      "requires": {
        "brace_navlink": "0.2.0"
      }
    },
    "brace_navlink": {
      "version": "0.2.0",
      "resolved": "https://registry.npmjs.org/brace_navlink/-/brace_navlink-0.2.0.tgz",
      "integrity": "sha512-i8aM64R3sZ1GecpL8fbrL3lcDBe6++1l9tttO0YvxYfZcoBJkqKQx1gcMrss7ZWV5V/GvyS8ailj/7jx56FEyw==",
      "optional": true,
      "requires": {
        "commander": "2.11.0",
        "process-wrap": "0.0.1"
      }
    },
    "bracket_print": {
      "version": "0.9.5",
      "resolved": "https://registry.npmjs.org/bracket_print/-/bracket_print-0.9.5.tgz",
      "integrity": "sha512-CwkSCv9dtCqNIq6iun2N829zfAAoL1M9qptQjsAgJgY9DeHzGyTLX+D1HmYgkeEyzWOfBzNhu4hu3QCXtFJjaA==",
      "requires": {
        "brace_navlink": "0.2.0"
      }
    },
    "chai": {
      "version": "4.1.2",
      "resolved": "https://registry.npmjs.org/chai/-/chai-4.1.2.tgz",
      "integrity": "sha1-D2RYS6ZC8PKs4oBiefTwbKI61zw=",
      "dev": true,
      "requires": {
        "assertion-error": "1.1.0",
        "check-error": "1.0.2",
        "deep-eql": "3.0.1",
        "get-func-name": "2.0.0",
        "pathval": "1.1.0",
        "type-detect": "4.0.7"
      }
    },
    "check-error": {
      "version": "1.0.2",
      "resolved": "https://registry.npmjs.org/check-error/-/check-error-1.0.2.tgz",
      "integrity": "sha1-V00xLt2Iu13YkS6Sht1sCu1KrII=",
      "dev": true
    },
    "commander": {
      "version": "2.11.0",
      "resolved": "https://registry.npmjs.org/commander/-/commander-2.11.0.tgz",
      "integrity": "sha512-b0553uYA5YAEGgyYIGYROzKQ7X5RAqedkfjiZxwi0kL1g3bOaBNNZfYkzt/CL0umgD5wc9Jec2FbB98CjkMRvQ=="
    },
    "deep-eql": {
      "version": "3.0.1",
      "resolved": "https://registry.npmjs.org/deep-eql/-/deep-eql-3.0.1.tgz",
      "integrity": "sha512-+QeIQyN5ZuO+3Uk5DYh6/1eKO0m0YmJFGNmFHGACpf1ClL1nmlV/p4gNgbl2pJGxgXb4faqo6UE+M5ACEMyVcw==",
      "dev": true,
      "requires": {
        "type-detect": "4.0.7"
      }
    },
    "get-func-name": {
      "version": "2.0.0",
      "resolved": "https://registry.npmjs.org/get-func-name/-/get-func-name-2.0.0.tgz",
      "integrity": "sha1-6td0q+5y4gQJQzoGY2YCPdaIekE=",
      "dev": true
    },
    "pathval": {
      "version": "1.1.0",
      "resolved": "https://registry.npmjs.org/pathval/-/pathval-1.1.0.tgz",
      "integrity": "sha1-uULm1L3mUwBe9rcTYd74cn0GReA=",
      "dev": true
    },
    "process-wrap": {
      "version": "0.0.1",
      "resolved": "https://registry.npmjs.org/process-wrap/-/process-wrap-0.0.1.tgz",
      "integrity": "sha512-sDmpELP2cQ80r4StBXXRLFiyFh+GdHlE3VENTl8MnBfowtY7KNP4bDwLJRuhc8xfCo9mvEcioLv6e8okzYuIQA==",
      "optional": true
    },
    "requirejs": {
      "version": "2.3.5",
      "resolved": "https://registry.npmjs.org/requirejs/-/requirejs-2.3.5.tgz",
      "integrity": "sha512-svnO+aNcR/an9Dpi44C7KSAy5fFGLtmPbaaCeQaklUz8BQhS64tWWIIlvEA5jrWICzlO/X9KSzSeXFnZdBu8nw==",
      "dev": true
    },
    "type-detect": {
      "version": "4.0.7",
      "resolved": "https://registry.npmjs.org/type-detect/-/type-detect-4.0.7.tgz",
      "integrity": "sha512-4Rh17pAMVdMWzktddFhISRnUnFIStObtUMNGzDwlA6w/77bmGv3aBbRdCmQR6IjzfkTo9otnW+2K/cDRhKSxDA==",
      "dev": true
    }
  }
}
