{
  "name": "markdown-mutute",
  "version": "0.0.2",
  "lockfileVersion": 1,
  "requires": true,
  "dependencies": {
    "commander": {
      "version": "2.11.0",
      "resolved": "https://registry.npmjs.org/commander/-/commander-2.11.0.tgz",
      "integrity": "sha512-b0553uYA5YAEGgyYIGYROzKQ7X5RAqedkfjiZxwi0kL1g3bOaBNNZfYkzt/CL0umgD5wc9Jec2FbB98CjkMRvQ=="
    },
    "process-wrap": {
      "version": "0.0.1",
      "resolved": "https://registry.npmjs.org/process-wrap/-/process-wrap-0.0.1.tgz",
      "integrity": "sha512-sDmpELP2cQ80r4StBXXRLFiyFh+GdHlE3VENTl8MnBfowtY7KNP4bDwLJRuhc8xfCo9mvEcioLv6e8okzYuIQA=="
    }
  }
}
